{
  "name": "ChatBox",
  "version": "1.0.0",
  "description": "A simple chat box application",
  "main": "index.js",
  "scripts": {
    "start": "node index.js"
  },
  "dependencies": {
    "express": "^4.17.2",
    "socket.io": "^4.3.1"
  },
  "devDependencies": {},
  "author": "Your Name",
  "license": "MIT"
}
